// !$*UTF8*$!
{
	archiveVersion = 1;
	classes = {
	};
	objectVersion = 48;
	objects = {

/* Begin PBXBuildFile section */
		25E9B653ED220F8B252B0A90 /* libPods-DesignPattern.a in Frameworks */ = {isa = PBXBuildFile; fileRef = 3508211C9C4184F688814B26 /* libPods-DesignPattern.a */; };
		650AA6052067D2BE002FD452 /* IntervalWindow.m in Sources */ = {isa = PBXBuildFile; fileRef = 650AA6042067D2BE002FD452 /* IntervalWindow.m */; };
		650AA6082067D423002FD452 /* LabelTextField.m in Sources */ = {isa = PBXBuildFile; fileRef = 650AA6072067D423002FD452 /* LabelTextField.m */; };
		65197E4B2054D62900B55DC5 /* AddOperation.m in Sources */ = {isa = PBXBuildFile; fileRef = 65197E4A2054D62900B55DC5 /* AddOperation.m */; };
		65197E4E2054D67C00B55DC5 /* Operation.m in Sources */ = {isa = PBXBuildFile; fileRef = 65197E4D2054D67C00B55DC5 /* Operation.m */; };
		65197E512054DF0900B55DC5 /* SubOperation.m in Sources */ = {isa = PBXBuildFile; fileRef = 65197E502054DF0900B55DC5 /* SubOperation.m */; };
		65197E54205564A700B55DC5 /* OperatorFactory.m in Sources */ = {isa = PBXBuildFile; fileRef = 65197E53205564A700B55DC5 /* OperatorFactory.m */; };
		65197E582056C1CB00B55DC5 /* Movie.m in Sources */ = {isa = PBXBuildFile; fileRef = 65197E572056C1CB00B55DC5 /* Movie.m */; };
		65197E5B2056C1EF00B55DC5 /* Rental.m in Sources */ = {isa = PBXBuildFile; fileRef = 65197E5A2056C1EF00B55DC5 /* Rental.m */; };
		65197E5E2056C20E00B55DC5 /* Customer.m in Sources */ = {isa = PBXBuildFile; fileRef = 65197E5D2056C20E00B55DC5 /* Customer.m */; };
		65197E6A205E9E2800B55DC5 /* Price.m in Sources */ = {isa = PBXBuildFile; fileRef = 65197E69205E9E2800B55DC5 /* Price.m */; };
		65197E6D205E9E3F00B55DC5 /* RegularPrice.m in Sources */ = {isa = PBXBuildFile; fileRef = 65197E6C205E9E3F00B55DC5 /* RegularPrice.m */; };
		65197E70205E9E5400B55DC5 /* ChildrenPrice.m in Sources */ = {isa = PBXBuildFile; fileRef = 65197E6F205E9E5400B55DC5 /* ChildrenPrice.m */; };
		65197E73205E9E6900B55DC5 /* NewReleasePrice.m in Sources */ = {isa = PBXBuildFile; fileRef = 65197E72205E9E6900B55DC5 /* NewReleasePrice.m */; };
		657F217320503216001DC727 /* Animal.m in Sources */ = {isa = PBXBuildFile; fileRef = 657F217220503216001DC727 /* Animal.m */; };
		657F217620503305001DC727 /* Cat.m in Sources */ = {isa = PBXBuildFile; fileRef = 657F217520503305001DC727 /* Cat.m */; };
		657F217920503311001DC727 /* Mouse.m in Sources */ = {isa = PBXBuildFile; fileRef = 657F217820503310001DC727 /* Mouse.m */; };
		657F217C205182BC001DC727 /* Dog.m in Sources */ = {isa = PBXBuildFile; fileRef = 657F217B205182BC001DC727 /* Dog.m */; };
		6590BA4C203C4B9E00EDDBC9 /* AppDelegate.m in Sources */ = {isa = PBXBuildFile; fileRef = 6590BA4B203C4B9E00EDDBC9 /* AppDelegate.m */; };
		6590BA4F203C4B9E00EDDBC9 /* ViewController.m in Sources */ = {isa = PBXBuildFile; fileRef = 6590BA4E203C4B9E00EDDBC9 /* ViewController.m */; };
		6590BA52203C4B9E00EDDBC9 /* Main.storyboard in Resources */ = {isa = PBXBuildFile; fileRef = 6590BA50203C4B9E00EDDBC9 /* Main.storyboard */; };
		6590BA54203C4B9E00EDDBC9 /* Assets.xcassets in Resources */ = {isa = PBXBuildFile; fileRef = 6590BA53203C4B9E00EDDBC9 /* Assets.xcassets */; };
		6590BA57203C4B9E00EDDBC9 /* LaunchScreen.storyboard in Resources */ = {isa = PBXBuildFile; fileRef = 6590BA55203C4B9E00EDDBC9 /* LaunchScreen.storyboard */; };
		6590BA5A203C4B9E00EDDBC9 /* main.m in Sources */ = {isa = PBXBuildFile; fileRef = 6590BA59203C4B9E00EDDBC9 /* main.m */; };
		6590BA64203C4B9E00EDDBC9 /* DesignPatternTests.m in Sources */ = {isa = PBXBuildFile; fileRef = 6590BA63203C4B9E00EDDBC9 /* DesignPatternTests.m */; };
		842A04C9212AB9B600365038 /* DelegatePattern.m in Sources */ = {isa = PBXBuildFile; fileRef = 842A04C8212AB9B600365038 /* DelegatePattern.m */; };
		842A04CC212AB9FE00365038 /* OriginObj.m in Sources */ = {isa = PBXBuildFile; fileRef = 842A04CB212AB9FE00365038 /* OriginObj.m */; };
		842A04CF212ABA4C00365038 /* Destination.m in Sources */ = {isa = PBXBuildFile; fileRef = 842A04CE212ABA4C00365038 /* Destination.m */; };
		8467A4DE215A0D2F00A2729F /* printGrapth.m in Sources */ = {isa = PBXBuildFile; fileRef = 8467A4DD215A0D2F00A2729F /* printGrapth.m */; };
		84C8B283212BE4A500B13765 /* Person.m in Sources */ = {isa = PBXBuildFile; fileRef = 84C8B282212BE4A500B13765 /* Person.m */; };
		84C8B286212BE4D600B13765 /* Finery.m in Sources */ = {isa = PBXBuildFile; fileRef = 84C8B285212BE4D600B13765 /* Finery.m */; };
		84C8B289212BF38B00B13765 /* TShirts.m in Sources */ = {isa = PBXBuildFile; fileRef = 84C8B288212BF38B00B13765 /* TShirts.m */; };
		84C8B28C212BFB5700B13765 /* Command.m in Sources */ = {isa = PBXBuildFile; fileRef = 84C8B28B212BFB5700B13765 /* Command.m */; };
		84D55EAA216F2FB600E02388 /* Stack.c in Sources */ = {isa = PBXBuildFile; fileRef = 84D55EA7216F2FB600E02388 /* Stack.c */; };
		84D55EAF216F315500E02388 /* BinaryTree.c in Sources */ = {isa = PBXBuildFile; fileRef = 84D55EAE216F315500E02388 /* BinaryTree.c */; };
		84D55EB6216F37AC00E02388 /* RegularExpression.m in Sources */ = {isa = PBXBuildFile; fileRef = 84D55EB5216F37AC00E02388 /* RegularExpression.m */; };
		84D55EC3216F418B00E02388 /* BalanceTree.c in Sources */ = {isa = PBXBuildFile; fileRef = 84D55EC1216F418B00E02388 /* BalanceTree.c */; };
		84D7432021746CC200A90719 /* BPT.c in Sources */ = {isa = PBXBuildFile; fileRef = 84D7431E21746CC200A90719 /* BPT.c */; };
		84DB36DF215251F000130B39 /* MergeSort.m in Sources */ = {isa = PBXBuildFile; fileRef = 84DB36DE215251F000130B39 /* MergeSort.m */; };
		84EE4EE021702F7600E44425 /* DSTable.c in Sources */ = {isa = PBXBuildFile; fileRef = 84EE4EDE21702F7600E44425 /* DSTable.c */; };
/* End PBXBuildFile section */

/* Begin PBXContainerItemProxy section */
		6590BA60203C4B9E00EDDBC9 /* PBXContainerItemProxy */ = {
			isa = PBXContainerItemProxy;
			containerPortal = 6590BA3F203C4B9E00EDDBC9 /* Project object */;
			proxyType = 1;
			remoteGlobalIDString = 6590BA46203C4B9E00EDDBC9;
			remoteInfo = DesignPattern;
		};
/* End PBXContainerItemProxy section */

/* Begin PBXFileReference section */
		3508211C9C4184F688814B26 /* libPods-DesignPattern.a */ = {isa = PBXFileReference; explicitFileType = archive.ar; includeInIndex = 0; path = "libPods-DesignPattern.a"; sourceTree = BUILT_PRODUCTS_DIR; };
		650AA6032067D2BE002FD452 /* IntervalWindow.h */ = {isa = PBXFileReference; lastKnownFileType = sourcecode.c.h; path = IntervalWindow.h; sourceTree = "<group>"; };
		650AA6042067D2BE002FD452 /* IntervalWindow.m */ = {isa = PBXFileReference; lastKnownFileType = sourcecode.c.objc; path = IntervalWindow.m; sourceTree = "<group>"; };
		650AA6062067D423002FD452 /* LabelTextField.h */ = {isa = PBXFileReference; lastKnownFileType = sourcecode.c.h; path = LabelTextField.h; sourceTree = "<group>"; };
		650AA6072067D423002FD452 /* LabelTextField.m */ = {isa = PBXFileReference; lastKnownFileType = sourcecode.c.objc; path = LabelTextField.m; sourceTree = "<group>"; };
		65197E492054D62900B55DC5 /* AddOperation.h */ = {isa = PBXFileReference; lastKnownFileType = sourcecode.c.h; path = AddOperation.h; sourceTree = "<group>"; };
		65197E4A2054D62900B55DC5 /* AddOperation.m */ = {isa = PBXFileReference; lastKnownFileType = sourcecode.c.objc; path = AddOperation.m; sourceTree = "<group>"; };
		65197E4C2054D67C00B55DC5 /* Operation.h */ = {isa = PBXFileReference; lastKnownFileType = sourcecode.c.h; path = Operation.h; sourceTree = "<group>"; };
		65197E4D2054D67C00B55DC5 /* Operation.m */ = {isa = PBXFileReference; lastKnownFileType = sourcecode.c.objc; path = Operation.m; sourceTree = "<group>"; };
		65197E4F2054DF0900B55DC5 /* SubOperation.h */ = {isa = PBXFileReference; lastKnownFileType = sourcecode.c.h; path = SubOperation.h; sourceTree = "<group>"; };
		65197E502054DF0900B55DC5 /* SubOperation.m */ = {isa = PBXFileReference; lastKnownFileType = sourcecode.c.objc; path = SubOperation.m; sourceTree = "<group>"; };
		65197E52205564A700B55DC5 /* OperatorFactory.h */ = {isa = PBXFileReference; lastKnownFileType = sourcecode.c.h; path = OperatorFactory.h; sourceTree = "<group>"; };
		65197E53205564A700B55DC5 /* OperatorFactory.m */ = {isa = PBXFileReference; lastKnownFileType = sourcecode.c.objc; path = OperatorFactory.m; sourceTree = "<group>"; };
		65197E562056C1CB00B55DC5 /* Movie.h */ = {isa = PBXFileReference; lastKnownFileType = sourcecode.c.h; path = Movie.h; sourceTree = "<group>"; };
		65197E572056C1CB00B55DC5 /* Movie.m */ = {isa = PBXFileReference; lastKnownFileType = sourcecode.c.objc; path = Movie.m; sourceTree = "<group>"; };
		65197E592056C1EF00B55DC5 /* Rental.h */ = {isa = PBXFileReference; lastKnownFileType = sourcecode.c.h; path = Rental.h; sourceTree = "<group>"; };
		65197E5A2056C1EF00B55DC5 /* Rental.m */ = {isa = PBXFileReference; lastKnownFileType = sourcecode.c.objc; path = Rental.m; sourceTree = "<group>"; };
		65197E5C2056C20E00B55DC5 /* Customer.h */ = {isa = PBXFileReference; lastKnownFileType = sourcecode.c.h; path = Customer.h; sourceTree = "<group>"; };
		65197E5D2056C20E00B55DC5 /* Customer.m */ = {isa = PBXFileReference; lastKnownFileType = sourcecode.c.objc; path = Customer.m; sourceTree = "<group>"; usesTabs = 0; };
		65197E68205E9E2800B55DC5 /* Price.h */ = {isa = PBXFileReference; lastKnownFileType = sourcecode.c.h; path = Price.h; sourceTree = "<group>"; };
		65197E69205E9E2800B55DC5 /* Price.m */ = {isa = PBXFileReference; lastKnownFileType = sourcecode.c.objc; path = Price.m; sourceTree = "<group>"; };
		65197E6B205E9E3F00B55DC5 /* RegularPrice.h */ = {isa = PBXFileReference; lastKnownFileType = sourcecode.c.h; path = RegularPrice.h; sourceTree = "<group>"; };
		65197E6C205E9E3F00B55DC5 /* RegularPrice.m */ = {isa = PBXFileReference; lastKnownFileType = sourcecode.c.objc; path = RegularPrice.m; sourceTree = "<group>"; };
		65197E6E205E9E5400B55DC5 /* ChildrenPrice.h */ = {isa = PBXFileReference; lastKnownFileType = sourcecode.c.h; path = ChildrenPrice.h; sourceTree = "<group>"; };
		65197E6F205E9E5400B55DC5 /* ChildrenPrice.m */ = {isa = PBXFileReference; lastKnownFileType = sourcecode.c.objc; path = ChildrenPrice.m; sourceTree = "<group>"; };
		65197E71205E9E6900B55DC5 /* NewReleasePrice.h */ = {isa = PBXFileReference; lastKnownFileType = sourcecode.c.h; path = NewReleasePrice.h; sourceTree = "<group>"; };
		65197E72205E9E6900B55DC5 /* NewReleasePrice.m */ = {isa = PBXFileReference; lastKnownFileType = sourcecode.c.objc; path = NewReleasePrice.m; sourceTree = "<group>"; };
		657F217120503216001DC727 /* Animal.h */ = {isa = PBXFileReference; lastKnownFileType = sourcecode.c.h; path = Animal.h; sourceTree = "<group>"; };
		657F217220503216001DC727 /* Animal.m */ = {isa = PBXFileReference; lastKnownFileType = sourcecode.c.objc; path = Animal.m; sourceTree = "<group>"; };
		657F217420503305001DC727 /* Cat.h */ = {isa = PBXFileReference; lastKnownFileType = sourcecode.c.h; path = Cat.h; sourceTree = "<group>"; };
		657F217520503305001DC727 /* Cat.m */ = {isa = PBXFileReference; lastKnownFileType = sourcecode.c.objc; path = Cat.m; sourceTree = "<group>"; };
		657F217720503310001DC727 /* Mouse.h */ = {isa = PBXFileReference; lastKnownFileType = sourcecode.c.h; path = Mouse.h; sourceTree = "<group>"; };
		657F217820503310001DC727 /* Mouse.m */ = {isa = PBXFileReference; lastKnownFileType = sourcecode.c.objc; path = Mouse.m; sourceTree = "<group>"; };
		657F217A205182BC001DC727 /* Dog.h */ = {isa = PBXFileReference; lastKnownFileType = sourcecode.c.h; path = Dog.h; sourceTree = "<group>"; };
		657F217B205182BC001DC727 /* Dog.m */ = {isa = PBXFileReference; lastKnownFileType = sourcecode.c.objc; path = Dog.m; sourceTree = "<group>"; };
		6590BA47203C4B9E00EDDBC9 /* DesignPattern.app */ = {isa = PBXFileReference; explicitFileType = wrapper.application; includeInIndex = 0; path = DesignPattern.app; sourceTree = BUILT_PRODUCTS_DIR; };
		6590BA4A203C4B9E00EDDBC9 /* AppDelegate.h */ = {isa = PBXFileReference; lastKnownFileType = sourcecode.c.h; path = AppDelegate.h; sourceTree = "<group>"; };
		6590BA4B203C4B9E00EDDBC9 /* AppDelegate.m */ = {isa = PBXFileReference; lastKnownFileType = sourcecode.c.objc; path = AppDelegate.m; sourceTree = "<group>"; };
		6590BA4D203C4B9E00EDDBC9 /* ViewController.h */ = {isa = PBXFileReference; lastKnownFileType = sourcecode.c.h; path = ViewController.h; sourceTree = "<group>"; };
		6590BA4E203C4B9E00EDDBC9 /* ViewController.m */ = {isa = PBXFileReference; lastKnownFileType = sourcecode.c.objc; path = ViewController.m; sourceTree = "<group>"; };
		6590BA51203C4B9E00EDDBC9 /* Base */ = {isa = PBXFileReference; lastKnownFileType = file.storyboard; name = Base; path = Base.lproj/Main.storyboard; sourceTree = "<group>"; };
		6590BA53203C4B9E00EDDBC9 /* Assets.xcassets */ = {isa = PBXFileReference; lastKnownFileType = folder.assetcatalog; path = Assets.xcassets; sourceTree = "<group>"; };
		6590BA56203C4B9E00EDDBC9 /* Base */ = {isa = PBXFileReference; lastKnownFileType = file.storyboard; name = Base; path = Base.lproj/LaunchScreen.storyboard; sourceTree = "<group>"; };
		6590BA58203C4B9E00EDDBC9 /* Info.plist */ = {isa = PBXFileReference; lastKnownFileType = text.plist.xml; path = Info.plist; sourceTree = "<group>"; };
		6590BA59203C4B9E00EDDBC9 /* main.m */ = {isa = PBXFileReference; lastKnownFileType = sourcecode.c.objc; path = main.m; sourceTree = "<group>"; };
		6590BA5F203C4B9E00EDDBC9 /* DesignPatternTests.xctest */ = {isa = PBXFileReference; explicitFileType = wrapper.cfbundle; includeInIndex = 0; path = DesignPatternTests.xctest; sourceTree = BUILT_PRODUCTS_DIR; };
		6590BA63203C4B9E00EDDBC9 /* DesignPatternTests.m */ = {isa = PBXFileReference; lastKnownFileType = sourcecode.c.objc; path = DesignPatternTests.m; sourceTree = "<group>"; };
		6590BA65203C4B9E00EDDBC9 /* Info.plist */ = {isa = PBXFileReference; lastKnownFileType = text.plist.xml; path = Info.plist; sourceTree = "<group>"; };
		842A04C7212AB9B600365038 /* DelegatePattern.h */ = {isa = PBXFileReference; lastKnownFileType = sourcecode.c.h; path = DelegatePattern.h; sourceTree = "<group>"; };
		842A04C8212AB9B600365038 /* DelegatePattern.m */ = {isa = PBXFileReference; lastKnownFileType = sourcecode.c.objc; path = DelegatePattern.m; sourceTree = "<group>"; };
		842A04CA212AB9FE00365038 /* OriginObj.h */ = {isa = PBXFileReference; lastKnownFileType = sourcecode.c.h; path = OriginObj.h; sourceTree = "<group>"; };
		842A04CB212AB9FE00365038 /* OriginObj.m */ = {isa = PBXFileReference; lastKnownFileType = sourcecode.c.objc; path = OriginObj.m; sourceTree = "<group>"; };
		842A04CD212ABA4C00365038 /* Destination.h */ = {isa = PBXFileReference; lastKnownFileType = sourcecode.c.h; path = Destination.h; sourceTree = "<group>"; };
		842A04CE212ABA4C00365038 /* Destination.m */ = {isa = PBXFileReference; lastKnownFileType = sourcecode.c.objc; path = Destination.m; sourceTree = "<group>"; };
		8467A4DC215A0D2F00A2729F /* printGrapth.h */ = {isa = PBXFileReference; lastKnownFileType = sourcecode.c.h; path = printGrapth.h; sourceTree = "<group>"; };
		8467A4DD215A0D2F00A2729F /* printGrapth.m */ = {isa = PBXFileReference; lastKnownFileType = sourcecode.c.objc; path = printGrapth.m; sourceTree = "<group>"; };
		84C8B281212BE4A500B13765 /* Person.h */ = {isa = PBXFileReference; lastKnownFileType = sourcecode.c.h; path = Person.h; sourceTree = "<group>"; };
		84C8B282212BE4A500B13765 /* Person.m */ = {isa = PBXFileReference; lastKnownFileType = sourcecode.c.objc; path = Person.m; sourceTree = "<group>"; };
		84C8B284212BE4D600B13765 /* Finery.h */ = {isa = PBXFileReference; lastKnownFileType = sourcecode.c.h; path = Finery.h; sourceTree = "<group>"; };
		84C8B285212BE4D600B13765 /* Finery.m */ = {isa = PBXFileReference; lastKnownFileType = sourcecode.c.objc; path = Finery.m; sourceTree = "<group>"; };
		84C8B287212BF38B00B13765 /* TShirts.h */ = {isa = PBXFileReference; lastKnownFileType = sourcecode.c.h; path = TShirts.h; sourceTree = "<group>"; };
		84C8B288212BF38B00B13765 /* TShirts.m */ = {isa = PBXFileReference; lastKnownFileType = sourcecode.c.objc; path = TShirts.m; sourceTree = "<group>"; };
		84C8B28A212BFB5700B13765 /* Command.h */ = {isa = PBXFileReference; lastKnownFileType = sourcecode.c.h; path = Command.h; sourceTree = "<group>"; };
		84C8B28B212BFB5700B13765 /* Command.m */ = {isa = PBXFileReference; lastKnownFileType = sourcecode.c.objc; path = Command.m; sourceTree = "<group>"; };
		84D55EA7216F2FB600E02388 /* Stack.c */ = {isa = PBXFileReference; lastKnownFileType = sourcecode.c.c; path = Stack.c; sourceTree = "<group>"; };
		84D55EA8216F2FB600E02388 /* Stack.h */ = {isa = PBXFileReference; lastKnownFileType = sourcecode.c.h; path = Stack.h; sourceTree = "<group>"; };
		84D55EAE216F315500E02388 /* BinaryTree.c */ = {isa = PBXFileReference; lastKnownFileType = sourcecode.c.c; path = BinaryTree.c; sourceTree = "<group>"; };
		84D55EB0216F318100E02388 /* BinaryTree.h */ = {isa = PBXFileReference; lastKnownFileType = sourcecode.c.h; path = BinaryTree.h; sourceTree = "<group>"; };
		84D55EB4216F37AC00E02388 /* RegularExpression.h */ = {isa = PBXFileReference; lastKnownFileType = sourcecode.c.h; path = RegularExpression.h; sourceTree = "<group>"; };
		84D55EB5216F37AC00E02388 /* RegularExpression.m */ = {isa = PBXFileReference; lastKnownFileType = sourcecode.c.objc; path = RegularExpression.m; sourceTree = "<group>"; };
		84D55EC1216F418B00E02388 /* BalanceTree.c */ = {isa = PBXFileReference; lastKnownFileType = sourcecode.c.c; path = BalanceTree.c; sourceTree = "<group>"; };
		84D55EC2216F418B00E02388 /* BalanceTree.h */ = {isa = PBXFileReference; lastKnownFileType = sourcecode.c.h; path = BalanceTree.h; sourceTree = "<group>"; };
		84D7431E21746CC200A90719 /* BPT.c */ = {isa = PBXFileReference; lastKnownFileType = sourcecode.c.c; name = BPT.c; path = ../../../CommandLine/CommandLine/BPT.c; sourceTree = "<group>"; };
		84D7431F21746CC200A90719 /* BPT.h */ = {isa = PBXFileReference; lastKnownFileType = sourcecode.c.h; name = BPT.h; path = ../../../CommandLine/CommandLine/BPT.h; sourceTree = "<group>"; };
		84DB36DD215251F000130B39 /* MergeSort.h */ = {isa = PBXFileReference; lastKnownFileType = sourcecode.c.h; path = MergeSort.h; sourceTree = "<group>"; };
		84DB36DE215251F000130B39 /* MergeSort.m */ = {isa = PBXFileReference; lastKnownFileType = sourcecode.c.objc; path = MergeSort.m; sourceTree = "<group>"; };
		84EE4EDE21702F7600E44425 /* DSTable.c */ = {isa = PBXFileReference; lastKnownFileType = sourcecode.c.c; path = DSTable.c; sourceTree = "<group>"; };
		84EE4EDF21702F7600E44425 /* DSTable.h */ = {isa = PBXFileReference; lastKnownFileType = sourcecode.c.h; path = DSTable.h; sourceTree = "<group>"; };
		D3E4D023AE942E2DD155F0BD /* Pods-DesignPattern.release.xcconfig */ = {isa = PBXFileReference; includeInIndex = 1; lastKnownFileType = text.xcconfig; name = "Pods-DesignPattern.release.xcconfig"; path = "Pods/Target Support Files/Pods-DesignPattern/Pods-DesignPattern.release.xcconfig"; sourceTree = "<group>"; };
		DB4AA463F2F17AD07EA02C23 /* Pods-DesignPattern.debug.xcconfig */ = {isa = PBXFileReference; includeInIndex = 1; lastKnownFileType = text.xcconfig; name = "Pods-DesignPattern.debug.xcconfig"; path = "Pods/Target Support Files/Pods-DesignPattern/Pods-DesignPattern.debug.xcconfig"; sourceTree = "<group>"; };
/* End PBXFileReference section */

/* Begin PBXFrameworksBuildPhase section */
		6590BA44203C4B9E00EDDBC9 /* Frameworks */ = {
			isa = PBXFrameworksBuildPhase;
			buildActionMask = 2147483647;
			files = (
				25E9B653ED220F8B252B0A90 /* libPods-DesignPattern.a in Frameworks */,
			);
			runOnlyForDeploymentPostprocessing = 0;
		};
		6590BA5C203C4B9E00EDDBC9 /* Frameworks */ = {
			isa = PBXFrameworksBuildPhase;
			buildActionMask = 2147483647;
			files = (
			);
			runOnlyForDeploymentPostprocessing = 0;
		};
/* End PBXFrameworksBuildPhase section */

/* Begin PBXGroup section */
		650AA6022067D243002FD452 /* DuplicateObservedData */ = {
			isa = PBXGroup;
			children = (
				650AA6032067D2BE002FD452 /* IntervalWindow.h */,
				650AA6042067D2BE002FD452 /* IntervalWindow.m */,
				650AA6062067D423002FD452 /* LabelTextField.h */,
				650AA6072067D423002FD452 /* LabelTextField.m */,
			);
			path = DuplicateObservedData;
			sourceTree = "<group>";
		};
		65197E552056B36800B55DC5 /* refactor */ = {
			isa = PBXGroup;
			children = (
				84D55EB8216F390500E02388 /* reorangeData */,
				84D55EB7216F38F200E02388 /* firstClass */,
				650AA6022067D243002FD452 /* DuplicateObservedData */,
			);
			path = refactor;
			sourceTree = "<group>";
		};
		657F2170205031C1001DC727 /* Observer */ = {
			isa = PBXGroup;
			children = (
				657F217120503216001DC727 /* Animal.h */,
				657F217220503216001DC727 /* Animal.m */,
				657F217420503305001DC727 /* Cat.h */,
				657F217520503305001DC727 /* Cat.m */,
				657F217720503310001DC727 /* Mouse.h */,
				657F217820503310001DC727 /* Mouse.m */,
				657F217A205182BC001DC727 /* Dog.h */,
				657F217B205182BC001DC727 /* Dog.m */,
			);
			path = Observer;
			sourceTree = "<group>";
		};
		657F217D2052C2EE001DC727 /* factory */ = {
			isa = PBXGroup;
			children = (
				65197E4C2054D67C00B55DC5 /* Operation.h */,
				65197E4D2054D67C00B55DC5 /* Operation.m */,
				65197E492054D62900B55DC5 /* AddOperation.h */,
				65197E4A2054D62900B55DC5 /* AddOperation.m */,
				65197E4F2054DF0900B55DC5 /* SubOperation.h */,
				65197E502054DF0900B55DC5 /* SubOperation.m */,
				65197E52205564A700B55DC5 /* OperatorFactory.h */,
				65197E53205564A700B55DC5 /* OperatorFactory.m */,
			);
			name = factory;
			path = ..;
			sourceTree = "<group>";
		};
		6590BA3E203C4B9E00EDDBC9 = {
			isa = PBXGroup;
			children = (
				6590BA49203C4B9E00EDDBC9 /* DesignPattern */,
				6590BA62203C4B9E00EDDBC9 /* DesignPatternTests */,
				6590BA48203C4B9E00EDDBC9 /* Products */,
				B215C08FD4F10B8373F82151 /* Pods */,
				8C16D2EC921B627DC48138A7 /* Frameworks */,
			);
			sourceTree = "<group>";
		};
		6590BA48203C4B9E00EDDBC9 /* Products */ = {
			isa = PBXGroup;
			children = (
				6590BA47203C4B9E00EDDBC9 /* DesignPattern.app */,
				6590BA5F203C4B9E00EDDBC9 /* DesignPatternTests.xctest */,
			);
			name = Products;
			sourceTree = "<group>";
		};
		6590BA49203C4B9E00EDDBC9 /* DesignPattern */ = {
			isa = PBXGroup;
			children = (
				84D55EB2216F35B600E02388 /* designpattern */,
				84536A0C20EA2A19005535CC /* dataStruct */,
				65197E552056B36800B55DC5 /* refactor */,
				6590BA4A203C4B9E00EDDBC9 /* AppDelegate.h */,
				6590BA4B203C4B9E00EDDBC9 /* AppDelegate.m */,
				6590BA4D203C4B9E00EDDBC9 /* ViewController.h */,
				6590BA4E203C4B9E00EDDBC9 /* ViewController.m */,
				6590BA50203C4B9E00EDDBC9 /* Main.storyboard */,
				6590BA53203C4B9E00EDDBC9 /* Assets.xcassets */,
				6590BA55203C4B9E00EDDBC9 /* LaunchScreen.storyboard */,
				6590BA58203C4B9E00EDDBC9 /* Info.plist */,
				6590BA59203C4B9E00EDDBC9 /* main.m */,
			);
			path = DesignPattern;
			sourceTree = "<group>";
		};
		6590BA62203C4B9E00EDDBC9 /* DesignPatternTests */ = {
			isa = PBXGroup;
			children = (
				84D55EB3216F361C00E02388 /* printTest */,
				6590BA63203C4B9E00EDDBC9 /* DesignPatternTests.m */,
				6590BA65203C4B9E00EDDBC9 /* Info.plist */,
			);
			path = DesignPatternTests;
			sourceTree = "<group>";
		};
		842A04C6212AB99900365038 /* delegate */ = {
			isa = PBXGroup;
			children = (
				842A04C7212AB9B600365038 /* DelegatePattern.h */,
				842A04C8212AB9B600365038 /* DelegatePattern.m */,
				842A04CA212AB9FE00365038 /* OriginObj.h */,
				842A04CB212AB9FE00365038 /* OriginObj.m */,
				842A04CD212ABA4C00365038 /* Destination.h */,
				842A04CE212ABA4C00365038 /* Destination.m */,
			);
			path = delegate;
			sourceTree = "<group>";
		};
		84536A0C20EA2A19005535CC /* dataStruct */ = {
			isa = PBXGroup;
			children = (
				84D7431D21746C9300A90719 /* BPlusTree */,
				84EE4EDD21702F0F00E44425 /* dynamicSearchTable */,
				84D55EC0216F416D00E02388 /* balanceTree */,
				84DB36DC215251DE00130B39 /* MergeSort */,
				84D55EA7216F2FB600E02388 /* Stack.c */,
				84D55EA8216F2FB600E02388 /* Stack.h */,
				84D55EAE216F315500E02388 /* BinaryTree.c */,
				84D55EB0216F318100E02388 /* BinaryTree.h */,
			);
			path = dataStruct;
			sourceTree = "<group>";
		};
		84C8B280212BE42000B13765 /* Decorator */ = {
			isa = PBXGroup;
			children = (
				84C8B281212BE4A500B13765 /* Person.h */,
				84C8B282212BE4A500B13765 /* Person.m */,
				84C8B284212BE4D600B13765 /* Finery.h */,
				84C8B285212BE4D600B13765 /* Finery.m */,
				84C8B287212BF38B00B13765 /* TShirts.h */,
				84C8B288212BF38B00B13765 /* TShirts.m */,
			);
			path = Decorator;
			sourceTree = "<group>";
		};
		84C8B28D212BFB8400B13765 /* Command */ = {
			isa = PBXGroup;
			children = (
				84C8B28A212BFB5700B13765 /* Command.h */,
				84C8B28B212BFB5700B13765 /* Command.m */,
			);
			path = Command;
			sourceTree = "<group>";
		};
		84D55EB2216F35B600E02388 /* designpattern */ = {
			isa = PBXGroup;
			children = (
				657F2170205031C1001DC727 /* Observer */,
				657F217D2052C2EE001DC727 /* factory */,
				84EC8223213387660096128E /* Composite */,
				84C8B28D212BFB8400B13765 /* Command */,
				84C8B280212BE42000B13765 /* Decorator */,
				842A04C6212AB99900365038 /* delegate */,
			);
			path = designpattern;
			sourceTree = "<group>";
		};
		84D55EB3216F361C00E02388 /* printTest */ = {
			isa = PBXGroup;
			children = (
				8467A4DC215A0D2F00A2729F /* printGrapth.h */,
				8467A4DD215A0D2F00A2729F /* printGrapth.m */,
				84D55EB4216F37AC00E02388 /* RegularExpression.h */,
				84D55EB5216F37AC00E02388 /* RegularExpression.m */,
			);
			path = printTest;
			sourceTree = "<group>";
		};
		84D55EB7216F38F200E02388 /* firstClass */ = {
			isa = PBXGroup;
			children = (
				65197E562056C1CB00B55DC5 /* Movie.h */,
				65197E572056C1CB00B55DC5 /* Movie.m */,
				65197E68205E9E2800B55DC5 /* Price.h */,
				65197E69205E9E2800B55DC5 /* Price.m */,
				65197E6B205E9E3F00B55DC5 /* RegularPrice.h */,
				65197E6C205E9E3F00B55DC5 /* RegularPrice.m */,
				65197E6E205E9E5400B55DC5 /* ChildrenPrice.h */,
				65197E6F205E9E5400B55DC5 /* ChildrenPrice.m */,
				65197E71205E9E6900B55DC5 /* NewReleasePrice.h */,
				65197E72205E9E6900B55DC5 /* NewReleasePrice.m */,
				65197E592056C1EF00B55DC5 /* Rental.h */,
				65197E5A2056C1EF00B55DC5 /* Rental.m */,
				65197E5C2056C20E00B55DC5 /* Customer.h */,
				65197E5D2056C20E00B55DC5 /* Customer.m */,
			);
			path = firstClass;
			sourceTree = "<group>";
		};
		84D55EB8216F390500E02388 /* reorangeData */ = {
			isa = PBXGroup;
			children = (
			);
			path = reorangeData;
			sourceTree = "<group>";
		};
		84D55EC0216F416D00E02388 /* balanceTree */ = {
			isa = PBXGroup;
			children = (
				84D55EC1216F418B00E02388 /* BalanceTree.c */,
				84D55EC2216F418B00E02388 /* BalanceTree.h */,
			);
			path = balanceTree;
			sourceTree = "<group>";
		};
		84D7431D21746C9300A90719 /* BPlusTree */ = {
			isa = PBXGroup;
			children = (
				84D7431E21746CC200A90719 /* BPT.c */,
				84D7431F21746CC200A90719 /* BPT.h */,
			);
			path = BPlusTree;
			sourceTree = "<group>";
		};
		84DB36DC215251DE00130B39 /* MergeSort */ = {
			isa = PBXGroup;
			children = (
				84DB36DD215251F000130B39 /* MergeSort.h */,
				84DB36DE215251F000130B39 /* MergeSort.m */,
			);
			path = MergeSort;
			sourceTree = "<group>";
		};
		84EC8223213387660096128E /* Composite */ = {
			isa = PBXGroup;
			children = (
			);
			path = Composite;
			sourceTree = "<group>";
		};
		84EE4EDD21702F0F00E44425 /* dynamicSearchTable */ = {
			isa = PBXGroup;
			children = (
				84EE4EDE21702F7600E44425 /* DSTable.c */,
				84EE4EDF21702F7600E44425 /* DSTable.h */,
			);
			path = dynamicSearchTable;
			sourceTree = "<group>";
		};
		8C16D2EC921B627DC48138A7 /* Frameworks */ = {
			isa = PBXGroup;
			children = (
				3508211C9C4184F688814B26 /* libPods-DesignPattern.a */,
			);
			name = Frameworks;
			sourceTree = "<group>";
		};
		B215C08FD4F10B8373F82151 /* Pods */ = {
			isa = PBXGroup;
			children = (
				DB4AA463F2F17AD07EA02C23 /* Pods-DesignPattern.debug.xcconfig */,
				D3E4D023AE942E2DD155F0BD /* Pods-DesignPattern.release.xcconfig */,
			);
			name = Pods;
			sourceTree = "<group>";
		};
/* End PBXGroup section */

/* Begin PBXNativeTarget section */
		6590BA46203C4B9E00EDDBC9 /* DesignPattern */ = {
			isa = PBXNativeTarget;
			buildConfigurationList = 6590BA68203C4B9E00EDDBC9 /* Build configuration list for PBXNativeTarget "DesignPattern" */;
			buildPhases = (
				5B22163F82804B098FAEDBAC /* [CP] Check Pods Manifest.lock */,
				6590BA43203C4B9E00EDDBC9 /* Sources */,
				6590BA44203C4B9E00EDDBC9 /* Frameworks */,
				6590BA45203C4B9E00EDDBC9 /* Resources */,
				09926547DAA6983CBB644405 /* [CP] Embed Pods Frameworks */,
				025DFBFF9F08CAD1D3E5DD6C /* [CP] Copy Pods Resources */,
			);
			buildRules = (
			);
			dependencies = (
			);
			name = DesignPattern;
			productName = DesignPattern;
			productReference = 6590BA47203C4B9E00EDDBC9 /* DesignPattern.app */;
			productType = "com.apple.product-type.application";
		};
		6590BA5E203C4B9E00EDDBC9 /* DesignPatternTests */ = {
			isa = PBXNativeTarget;
			buildConfigurationList = 6590BA6B203C4B9E00EDDBC9 /* Build configuration list for PBXNativeTarget "DesignPatternTests" */;
			buildPhases = (
				6590BA5B203C4B9E00EDDBC9 /* Sources */,
				6590BA5C203C4B9E00EDDBC9 /* Frameworks */,
				6590BA5D203C4B9E00EDDBC9 /* Resources */,
			);
			buildRules = (
			);
			dependencies = (
				6590BA61203C4B9E00EDDBC9 /* PBXTargetDependency */,
			);
			name = DesignPatternTests;
			productName = DesignPatternTests;
			productReference = 6590BA5F203C4B9E00EDDBC9 /* DesignPatternTests.xctest */;
			productType = "com.apple.product-type.bundle.unit-test";
		};
/* End PBXNativeTarget section */

/* Begin PBXProject section */
		6590BA3F203C4B9E00EDDBC9 /* Project object */ = {
			isa = PBXProject;
			attributes = {
				LastUpgradeCheck = 0920;
				ORGANIZATIONNAME = llzmh.kongquehui.com;
				TargetAttributes = {
					6590BA46203C4B9E00EDDBC9 = {
						CreatedOnToolsVersion = 9.2;
						ProvisioningStyle = Automatic;
					};
					6590BA5E203C4B9E00EDDBC9 = {
						CreatedOnToolsVersion = 9.2;
						ProvisioningStyle = Automatic;
						TestTargetID = 6590BA46203C4B9E00EDDBC9;
					};
				};
			};
			buildConfigurationList = 6590BA42203C4B9E00EDDBC9 /* Build configuration list for PBXProject "DesignPattern" */;
			compatibilityVersion = "Xcode 8.0";
			developmentRegion = en;
			hasScannedForEncodings = 0;
			knownRegions = (
				en,
				Base,
			);
			mainGroup = 6590BA3E203C4B9E00EDDBC9;
			productRefGroup = 6590BA48203C4B9E00EDDBC9 /* Products */;
			projectDirPath = "";
			projectRoot = "";
			targets = (
				6590BA46203C4B9E00EDDBC9 /* DesignPattern */,
				6590BA5E203C4B9E00EDDBC9 /* DesignPatternTests */,
			);
		};
/* End PBXProject section */

/* Begin PBXResourcesBuildPhase section */
		6590BA45203C4B9E00EDDBC9 /* Resources */ = {
			isa = PBXResourcesBuildPhase;
			buildActionMask = 2147483647;
			files = (
				6590BA57203C4B9E00EDDBC9 /* LaunchScreen.storyboard in Resources */,
				6590BA54203C4B9E00EDDBC9 /* Assets.xcassets in Resources */,
				6590BA52203C4B9E00EDDBC9 /* Main.storyboard in Resources */,
			);
			runOnlyForDeploymentPostprocessing = 0;
		};
		6590BA5D203C4B9E00EDDBC9 /* Resources */ = {
			isa = PBXResourcesBuildPhase;
			buildActionMask = 2147483647;
			files = (
			);
			runOnlyForDeploymentPostprocessing = 0;
		};
/* End PBXResourcesBuildPhase section */

/* Begin PBXShellScriptBuildPhase section */
		025DFBFF9F08CAD1D3E5DD6C /* [CP] Copy Pods Resources */ = {
			isa = PBXShellScriptBuildPhase;
			buildActionMask = 2147483647;
			files = (
			);
			inputPaths = (
			);
			name = "[CP] Copy Pods Resources";
			outputPaths = (
			);
			runOnlyForDeploymentPostprocessing = 0;
			shellPath = /bin/sh;
			shellScript = "\"${SRCROOT}/Pods/Target Support Files/Pods-DesignPattern/Pods-DesignPattern-resources.sh\"\n";
			showEnvVarsInLog = 0;
		};
		09926547DAA6983CBB644405 /* [CP] Embed Pods Frameworks */ = {
			isa = PBXShellScriptBuildPhase;
			buildActionMask = 2147483647;
			files = (
			);
			inputPaths = (
			);
			name = "[CP] Embed Pods Frameworks";
			outputPaths = (
			);
			runOnlyForDeploymentPostprocessing = 0;
			shellPath = /bin/sh;
			shellScript = "\"${SRCROOT}/Pods/Target Support Files/Pods-DesignPattern/Pods-DesignPattern-frameworks.sh\"\n";
			showEnvVarsInLog = 0;
		};
		5B22163F82804B098FAEDBAC /* [CP] Check Pods Manifest.lock */ = {
			isa = PBXShellScriptBuildPhase;
			buildActionMask = 2147483647;
			files = (
			);
			inputPaths = (
				"${PODS_PODFILE_DIR_PATH}/Podfile.lock",
				"${PODS_ROOT}/Manifest.lock",
			);
			name = "[CP] Check Pods Manifest.lock";
			outputPaths = (
				"$(DERIVED_FILE_DIR)/Pods-DesignPattern-checkManifestLockResult.txt",
			);
			runOnlyForDeploymentPostprocessing = 0;
			shellPath = /bin/sh;
			shellScript = "diff \"${PODS_PODFILE_DIR_PATH}/Podfile.lock\" \"${PODS_ROOT}/Manifest.lock\" > /dev/null\nif [ $? != 0 ] ; then\n    # print error to STDERR\n    echo \"error: The sandbox is not in sync with the Podfile.lock. Run 'pod install' or update your CocoaPods installation.\" >&2\n    exit 1\nfi\n# This output is used by Xcode 'outputs' to avoid re-running this script phase.\necho \"SUCCESS\" > \"${SCRIPT_OUTPUT_FILE_0}\"\n";
			showEnvVarsInLog = 0;
		};
/* End PBXShellScriptBuildPhase section */

/* Begin PBXSourcesBuildPhase section */
		6590BA43203C4B9E00EDDBC9 /* Sources */ = {
			isa = PBXSourcesBuildPhase;
			buildActionMask = 2147483647;
			files = (
				84D55EAF216F315500E02388 /* BinaryTree.c in Sources */,
				84C8B286212BE4D600B13765 /* Finery.m in Sources */,
				650AA6052067D2BE002FD452 /* IntervalWindow.m in Sources */,
				657F217C205182BC001DC727 /* Dog.m in Sources */,
				65197E6D205E9E3F00B55DC5 /* RegularPrice.m in Sources */,
				65197E582056C1CB00B55DC5 /* Movie.m in Sources */,
				84C8B283212BE4A500B13765 /* Person.m in Sources */,
				84C8B289212BF38B00B13765 /* TShirts.m in Sources */,
				65197E54205564A700B55DC5 /* OperatorFactory.m in Sources */,
				65197E6A205E9E2800B55DC5 /* Price.m in Sources */,
				6590BA4F203C4B9E00EDDBC9 /* ViewController.m in Sources */,
				657F217620503305001DC727 /* Cat.m in Sources */,
				657F217920503311001DC727 /* Mouse.m in Sources */,
				65197E5E2056C20E00B55DC5 /* Customer.m in Sources */,
				65197E70205E9E5400B55DC5 /* ChildrenPrice.m in Sources */,
				84EE4EE021702F7600E44425 /* DSTable.c in Sources */,
				842A04CF212ABA4C00365038 /* Destination.m in Sources */,
				65197E4E2054D67C00B55DC5 /* Operation.m in Sources */,
				84C8B28C212BFB5700B13765 /* Command.m in Sources */,
				842A04CC212AB9FE00365038 /* OriginObj.m in Sources */,
				84D55EAA216F2FB600E02388 /* Stack.c in Sources */,
				84D55EC3216F418B00E02388 /* BalanceTree.c in Sources */,
				657F217320503216001DC727 /* Animal.m in Sources */,
				65197E512054DF0900B55DC5 /* SubOperation.m in Sources */,
				84D7432021746CC200A90719 /* BPT.c in Sources */,
				65197E4B2054D62900B55DC5 /* AddOperation.m in Sources */,
				65197E5B2056C1EF00B55DC5 /* Rental.m in Sources */,
				650AA6082067D423002FD452 /* LabelTextField.m in Sources */,
				65197E73205E9E6900B55DC5 /* NewReleasePrice.m in Sources */,
				8467A4DE215A0D2F00A2729F /* printGrapth.m in Sources */,
				842A04C9212AB9B600365038 /* DelegatePattern.m in Sources */,
				84DB36DF215251F000130B39 /* MergeSort.m in Sources */,
				6590BA5A203C4B9E00EDDBC9 /* main.m in Sources */,
				6590BA4C203C4B9E00EDDBC9 /* AppDelegate.m in Sources */,
			);
			runOnlyForDeploymentPostprocessing = 0;
		};
		6590BA5B203C4B9E00EDDBC9 /* Sources */ = {
			isa = PBXSourcesBuildPhase;
			buildActionMask = 2147483647;
			files = (
				84D55EB6216F37AC00E02388 /* RegularExpression.m in Sources */,
				6590BA64203C4B9E00EDDBC9 /* DesignPatternTests.m in Sources */,
			);
			runOnlyForDeploymentPostprocessing = 0;
		};
/* End PBXSourcesBuildPhase section */

/* Begin PBXTargetDependency section */
		6590BA61203C4B9E00EDDBC9 /* PBXTargetDependency */ = {
			isa = PBXTargetDependency;
			target = 6590BA46203C4B9E00EDDBC9 /* DesignPattern */;
			targetProxy = 6590BA60203C4B9E00EDDBC9 /* PBXContainerItemProxy */;
		};
/* End PBXTargetDependency section */

/* Begin PBXVariantGroup section */
		6590BA50203C4B9E00EDDBC9 /* Main.storyboard */ = {
			isa = PBXVariantGroup;
			children = (
				6590BA51203C4B9E00EDDBC9 /* Base */,
			);
			name = Main.storyboard;
			sourceTree = "<group>";
		};
		6590BA55203C4B9E00EDDBC9 /* LaunchScreen.storyboard */ = {
			isa = PBXVariantGroup;
			children = (
				6590BA56203C4B9E00EDDBC9 /* Base */,
			);
			name = LaunchScreen.storyboard;
			sourceTree = "<group>";
		};
/* End PBXVariantGroup section */

/* Begin XCBuildConfiguration section */
		6590BA66203C4B9E00EDDBC9 /* Debug */ = {
			isa = XCBuildConfiguration;
			buildSettings = {
				ALWAYS_SEARCH_USER_PATHS = NO;
				CLANG_ANALYZER_NONNULL = YES;
				CLANG_ANALYZER_NUMBER_OBJECT_CONVERSION = YES_AGGRESSIVE;
				CLANG_CXX_LANGUAGE_STANDARD = "gnu++14";
				CLANG_CXX_LIBRARY = "libc++";
				CLANG_ENABLE_MODULES = YES;
				CLANG_ENABLE_OBJC_ARC = YES;
				CLANG_WARN_BLOCK_CAPTURE_AUTORELEASING = YES;
				CLANG_WARN_BOOL_CONVERSION = YES;
				CLANG_WARN_COMMA = YES;
				CLANG_WARN_CONSTANT_CONVERSION = YES;
				CLANG_WARN_DIRECT_OBJC_ISA_USAGE = YES_ERROR;
				CLANG_WARN_DOCUMENTATION_COMMENTS = YES;
				CLANG_WARN_EMPTY_BODY = YES;
				CLANG_WARN_ENUM_CONVERSION = YES;
				CLANG_WARN_INFINITE_RECURSION = YES;
				CLANG_WARN_INT_CONVERSION = YES;
				CLANG_WARN_NON_LITERAL_NULL_CONVERSION = YES;
				CLANG_WARN_OBJC_LITERAL_CONVERSION = YES;
				CLANG_WARN_OBJC_ROOT_CLASS = YES_ERROR;
				CLANG_WARN_RANGE_LOOP_ANALYSIS = YES;
				CLANG_WARN_STRICT_PROTOTYPES = YES;
				CLANG_WARN_SUSPICIOUS_MOVE = YES;
				CLANG_WARN_UNGUARDED_AVAILABILITY = YES_AGGRESSIVE;
				CLANG_WARN_UNREACHABLE_CODE = YES;
				CLANG_WARN__DUPLICATE_METHOD_MATCH = YES;
				CODE_SIGN_IDENTITY = "iPhone Developer";
				COPY_PHASE_STRIP = NO;
				DEBUG_INFORMATION_FORMAT = dwarf;
				ENABLE_STRICT_OBJC_MSGSEND = YES;
				ENABLE_TESTABILITY = YES;
				GCC_C_LANGUAGE_STANDARD = gnu11;
				GCC_DYNAMIC_NO_PIC = NO;
				GCC_NO_COMMON_BLOCKS = YES;
				GCC_OPTIMIZATION_LEVEL = 0;
				GCC_PREPROCESSOR_DEFINITIONS = (
					"DEBUG=1",
					"$(inherited)",
				);
				GCC_WARN_64_TO_32_BIT_CONVERSION = YES;
				GCC_WARN_ABOUT_RETURN_TYPE = YES_ERROR;
				GCC_WARN_UNDECLARED_SELECTOR = YES;
				GCC_WARN_UNINITIALIZED_AUTOS = YES_AGGRESSIVE;
				GCC_WARN_UNUSED_FUNCTION = YES;
				GCC_WARN_UNUSED_VARIABLE = YES;
				IPHONEOS_DEPLOYMENT_TARGET = 11.2;
				MTL_ENABLE_DEBUG_INFO = YES;
				ONLY_ACTIVE_ARCH = YES;
				SDKROOT = iphoneos;
			};
			name = Debug;
		};
		6590BA67203C4B9E00EDDBC9 /* Release */ = {
			isa = XCBuildConfiguration;
			buildSettings = {
				ALWAYS_SEARCH_USER_PATHS = NO;
				CLANG_ANALYZER_NONNULL = YES;
				CLANG_ANALYZER_NUMBER_OBJECT_CONVERSION = YES_AGGRESSIVE;
				CLANG_CXX_LANGUAGE_STANDARD = "gnu++14";
				CLANG_CXX_LIBRARY = "libc++";
				CLANG_ENABLE_MODULES = YES;
				CLANG_ENABLE_OBJC_ARC = YES;
				CLANG_WARN_BLOCK_CAPTURE_AUTORELEASING = YES;
				CLANG_WARN_BOOL_CONVERSION = YES;
				CLANG_WARN_COMMA = YES;
				CLANG_WARN_CONSTANT_CONVERSION = YES;
				CLANG_WARN_DIRECT_OBJC_ISA_USAGE = YES_ERROR;
				CLANG_WARN_DOCUMENTATION_COMMENTS = YES;
				CLANG_WARN_EMPTY_BODY = YES;
				CLANG_WARN_ENUM_CONVERSION = YES;
				CLANG_WARN_INFINITE_RECURSION = YES;
				CLANG_WARN_INT_CONVERSION = YES;
				CLANG_WARN_NON_LITERAL_NULL_CONVERSION = YES;
				CLANG_WARN_OBJC_LITERAL_CONVERSION = YES;
				CLANG_WARN_OBJC_ROOT_CLASS = YES_ERROR;
				CLANG_WARN_RANGE_LOOP_ANALYSIS = YES;
				CLANG_WARN_STRICT_PROTOTYPES = YES;
				CLANG_WARN_SUSPICIOUS_MOVE = YES;
				CLANG_WARN_UNGUARDED_AVAILABILITY = YES_AGGRESSIVE;
				CLANG_WARN_UNREACHABLE_CODE = YES;
				CLANG_WARN__DUPLICATE_METHOD_MATCH = YES;
				CODE_SIGN_IDENTITY = "iPhone Developer";
				COPY_PHASE_STRIP = NO;
				DEBUG_INFORMATION_FORMAT = "dwarf-with-dsym";
				ENABLE_NS_ASSERTIONS = NO;
				ENABLE_STRICT_OBJC_MSGSEND = YES;
				GCC_C_LANGUAGE_STANDARD = gnu11;
				GCC_NO_COMMON_BLOCKS = YES;
				GCC_WARN_64_TO_32_BIT_CONVERSION = YES;
				GCC_WARN_ABOUT_RETURN_TYPE = YES_ERROR;
				GCC_WARN_UNDECLARED_SELECTOR = YES;
				GCC_WARN_UNINITIALIZED_AUTOS = YES_AGGRESSIVE;
				GCC_WARN_UNUSED_FUNCTION = YES;
				GCC_WARN_UNUSED_VARIABLE = YES;
				IPHONEOS_DEPLOYMENT_TARGET = 11.2;
				MTL_ENABLE_DEBUG_INFO = NO;
				SDKROOT = iphoneos;
				VALIDATE_PRODUCT = YES;
			};
			name = Release;
		};
		6590BA69203C4B9E00EDDBC9 /* Debug */ = {
			isa = XCBuildConfiguration;
			baseConfigurationReference = DB4AA463F2F17AD07EA02C23 /* Pods-DesignPattern.debug.xcconfig */;
			buildSettings = {
				ASSETCATALOG_COMPILER_APPICON_NAME = AppIcon;
				CODE_SIGN_STYLE = Automatic;
				DEVELOPMENT_TEAM = BAX6W5TPM3;
				INFOPLIST_FILE = DesignPattern/Info.plist;
				IPHONEOS_DEPLOYMENT_TARGET = 11.0;
				LD_RUNPATH_SEARCH_PATHS = "$(inherited) @executable_path/Frameworks";
				PRODUCT_BUNDLE_IDENTIFIER = com.kongquehui.llzmh.DesignPattern;
				PRODUCT_NAME = "$(TARGET_NAME)";
				TARGETED_DEVICE_FAMILY = "1,2";
			};
			name = Debug;
		};
		6590BA6A203C4B9E00EDDBC9 /* Release */ = {
			isa = XCBuildConfiguration;
			baseConfigurationReference = D3E4D023AE942E2DD155F0BD /* Pods-DesignPattern.release.xcconfig */;
			buildSettings = {
				ASSETCATALOG_COMPILER_APPICON_NAME = AppIcon;
				CODE_SIGN_STYLE = Automatic;
				DEVELOPMENT_TEAM = BAX6W5TPM3;
				INFOPLIST_FILE = DesignPattern/Info.plist;
				IPHONEOS_DEPLOYMENT_TARGET = 11.0;
				LD_RUNPATH_SEARCH_PATHS = "$(inherited) @executable_path/Frameworks";
				PRODUCT_BUNDLE_IDENTIFIER = com.kongquehui.llzmh.DesignPattern;
				PRODUCT_NAME = "$(TARGET_NAME)";
				TARGETED_DEVICE_FAMILY = "1,2";
			};
			name = Release;
		};
		6590BA6C203C4B9E00EDDBC9 /* Debug */ = {
			isa = XCBuildConfiguration;
			buildSettings = {
				BUNDLE_LOADER = "$(TEST_HOST)";
				CODE_SIGN_STYLE = Automatic;
				DEVELOPMENT_TEAM = BAX6W5TPM3;
				INFOPLIST_FILE = DesignPatternTests/Info.plist;
				IPHONEOS_DEPLOYMENT_TARGET = 11.0;
				LD_RUNPATH_SEARCH_PATHS = "$(inherited) @executable_path/Frameworks @loader_path/Frameworks";
				PRODUCT_BUNDLE_IDENTIFIER = com.kongquehui.llzmh.DesignPatternTests;
				PRODUCT_NAME = "$(TARGET_NAME)";
				TARGETED_DEVICE_FAMILY = "1,2";
				TEST_HOST = "$(BUILT_PRODUCTS_DIR)/DesignPattern.app/DesignPattern";
			};
			name = Debug;
		};
		6590BA6D203C4B9E00EDDBC9 /* Release */ = {
			isa = XCBuildConfiguration;
			buildSettings = {
				BUNDLE_LOADER = "$(TEST_HOST)";
				CODE_SIGN_STYLE = Automatic;
				DEVELOPMENT_TEAM = BAX6W5TPM3;
				INFOPLIST_FILE = DesignPatternTests/Info.plist;
				IPHONEOS_DEPLOYMENT_TARGET = 11.0;
				LD_RUNPATH_SEARCH_PATHS = "$(inherited) @executable_path/Frameworks @loader_path/Frameworks";
				PRODUCT_BUNDLE_IDENTIFIER = com.kongquehui.llzmh.DesignPatternTests;
				PRODUCT_NAME = "$(TARGET_NAME)";
				TARGETED_DEVICE_FAMILY = "1,2";
				TEST_HOST = "$(BUILT_PRODUCTS_DIR)/DesignPattern.app/DesignPattern";
			};
			name = Release;
		};
/* End XCBuildConfiguration section */

/* Begin XCConfigurationList section */
		6590BA42203C4B9E00EDDBC9 /* Build configuration list for PBXProject "DesignPattern" */ = {
			isa = XCConfigurationList;
			buildConfigurations = (
				6590BA66203C4B9E00EDDBC9 /* Debug */,
				6590BA67203C4B9E00EDDBC9 /* Release */,
			);
			defaultConfigurationIsVisible = 0;
			defaultConfigurationName = Release;
		};
		6590BA68203C4B9E00EDDBC9 /* Build configuration list for PBXNativeTarget "DesignPattern" */ = {
			isa = XCConfigurationList;
			buildConfigurations = (
				6590BA69203C4B9E00EDDBC9 /* Debug */,
				6590BA6A203C4B9E00EDDBC9 /* Release */,
			);
			defaultConfigurationIsVisible = 0;
			defaultConfigurationName = Release;
		};
		6590BA6B203C4B9E00EDDBC9 /* Build configuration list for PBXNativeTarget "DesignPatternTests" */ = {
			isa = XCConfigurationList;
			buildConfigurations = (
				6590BA6C203C4B9E00EDDBC9 /* Debug */,
				6590BA6D203C4B9E00EDDBC9 /* Release */,
			);
			defaultConfigurationIsVisible = 0;
			defaultConfigurationName = Release;
		};
/* End XCConfigurationList section */
	};
	rootObject = 6590BA3F203C4B9E00EDDBC9 /* Project object */;
}
